# @generated - this file is auto-generated by `mise lock` https://mise.jdx.dev/dev-tools/mise-lock.html

lockfile_version = 2

[[tools.k6]]
version = "2.3.0"
backend = "aqua:grafana/k6"
specifiers = ["latest"]

[tools.k6."platforms.linux-arm64"]
checksum = "sha256:5ca3433e8201da72a284aaa241a1bb5fb47f4abb4e384d39410ddd8062f49b90"
url = "https://github.com/grafana/k6/releases/download/v2.3.0/k6-v2.3.0-linux-arm64.tar.gz"
url_api = "https://api.github.com/repos/grafana/k6/releases/assets/579287780"

[tools.k6."platforms.linux-arm64-musl"]
checksum = "sha256:5ca3433e8201da72a284aaa241a1bb5fb47f4abb4e384d39410ddd8062f49b90"
url = "https://github.com/grafana/k6/releases/download/v2.3.0/k6-v2.3.0-linux-arm64.tar.gz"
url_api = "https://api.github.com/repos/grafana/k6/releases/assets/579287780"

[tools.k6."platforms.linux-x64"]
checksum = "sha256:39c3117b6af817592dcd0ce4242105c0a7af10948c2a425306f0be8f7a8a8ab1"
url = "https://github.com/grafana/k6/releases/download/v2.3.0/k6-v2.3.0-linux-amd64.tar.gz"
url_api = "https://api.github.com/repos/grafana/k6/releases/assets/579287772"

[tools.k6."platforms.linux-x64-musl"]
checksum = "sha256:39c3117b6af817592dcd0ce4242105c0a7af10948c2a425306f0be8f7a8a8ab1"
url = "https://github.com/grafana/k6/releases/download/v2.3.0/k6-v2.3.0-linux-amd64.tar.gz"
url_api = "https://api.github.com/repos/grafana/k6/releases/assets/579287772"

[tools.k6."platforms.macos-arm64"]
checksum = "sha256:b2417a3038edc5fe81dc178a889237724b595c5c9cfed875822008e46e862c7d"
url = "https://github.com/grafana/k6/releases/download/v2.3.0/k6-v2.3.0-macos-arm64.zip"
url_api = "https://api.github.com/repos/grafana/k6/releases/assets/579287879"

[tools.k6."platforms.macos-x64"]
checksum = "sha256:c83bb16f54f0676afa4ea235fd757f3892d307dbd1bd201450de83af31986654"
url = "https://github.com/grafana/k6/releases/download/v2.3.0/k6-v2.3.0-macos-amd64.zip"
url_api = "https://api.github.com/repos/grafana/k6/releases/assets/579287803"

[tools.k6."platforms.windows-x64"]
checksum = "sha256:112276d495e5741c968e2bc09ea6196099c1275bd6db9ee0875d173c7148ce43"
url = "https://github.com/grafana/k6/releases/download/v2.3.0/k6-v2.3.0-windows-amd64.zip"
url_api = "https://api.github.com/repos/grafana/k6/releases/assets/579287887"
